{
  "requires": true,
  "lockfileVersion": 1,
  "dependencies": {
    "single-spa-angular": {
      "version": "2.2.0",
      "resolved": "https://registry.npmjs.org/single-spa-angular/-/single-spa-angular-2.2.0.tgz",
      "integrity": "sha512-1oBarhZt3Oi0ACvSArxWc2oo0dza0jfKevvwo0Bm+z2YNprcGITXQmCJXRUzZ3vhp2rJVvAHDpvtm2aIzjFdBQ=="
    }
  }
}
